// !$*UTF8*$!
{
	archiveVersion = 1;
	classes = {
	};
	objectVersion = 46;
	objects = {

/* Begin PBXBuildFile section */
		CC0F35231D460F26008BB94F /* EarlGrey.framework in CopyFiles */ = {isa = PBXBuildFile; fileRef = CCFA7D8E1D11C4E400E15EDF /* EarlGrey.framework */; settings = {ATTRIBUTES = (CodeSignOnCopy, RemoveHeadersOnCopy, ); }; };
		CC38FC451D61DEB800589F1C /* ReactNativeBridgeIdlingResource.h in Headers */ = {isa = PBXBuildFile; fileRef = CC38FC431D61DEB800589F1C /* ReactNativeBridgeIdlingResource.h */; };
		CC38FC461D61DEB800589F1C /* ReactNativeBridgeIdlingResource.m in Sources */ = {isa = PBXBuildFile; fileRef = CC38FC441D61DEB800589F1C /* ReactNativeBridgeIdlingResource.m */; };
		CC38FC4F1D622AFB00589F1C /* ReactNativeUIManagerIdlingResource.h in Headers */ = {isa = PBXBuildFile; fileRef = CC38FC4D1D622AFB00589F1C /* ReactNativeUIManagerIdlingResource.h */; };
		CC38FC501D622AFB00589F1C /* ReactNativeUIManagerIdlingResource.m in Sources */ = {isa = PBXBuildFile; fileRef = CC38FC4E1D622AFB00589F1C /* ReactNativeUIManagerIdlingResource.m */; };
		CC654C761DA7B3720057ECE9 /* GREYMatchers+Detox.h in Headers */ = {isa = PBXBuildFile; fileRef = CC654C741DA7B3720057ECE9 /* GREYMatchers+Detox.h */; };
		CC654C771DA7B3720057ECE9 /* GREYMatchers+Detox.m in Sources */ = {isa = PBXBuildFile; fileRef = CC654C751DA7B3720057ECE9 /* GREYMatchers+Detox.m */; };
		CCA99FFF1D227DBE00C762B8 /* ReactNativeSupport.h in Headers */ = {isa = PBXBuildFile; fileRef = CCA99FFD1D227DBE00C762B8 /* ReactNativeSupport.h */; };
		CCA9A0001D227DBE00C762B8 /* ReactNativeSupport.m in Sources */ = {isa = PBXBuildFile; fileRef = CCA99FFE1D227DBE00C762B8 /* ReactNativeSupport.m */; };
		CCE6D43B1D11A76500F81E39 /* Detox.h in Headers */ = {isa = PBXBuildFile; fileRef = CCE6D43A1D11A76500F81E39 /* Detox.h */; settings = {ATTRIBUTES = (Public, ); }; };
		CCFA7D8F1D11C54100E15EDF /* EarlGrey.framework in Frameworks */ = {isa = PBXBuildFile; fileRef = CCFA7D8E1D11C4E400E15EDF /* EarlGrey.framework */; };
		CCFA7DB31D11C63100E15EDF /* SRDelegateController.h in Headers */ = {isa = PBXBuildFile; fileRef = CCFA7D951D11C63000E15EDF /* SRDelegateController.h */; };
		CCFA7DB41D11C63100E15EDF /* SRDelegateController.m in Sources */ = {isa = PBXBuildFile; fileRef = CCFA7D961D11C63000E15EDF /* SRDelegateController.m */; };
		CCFA7DB51D11C63100E15EDF /* SRIOConsumer.h in Headers */ = {isa = PBXBuildFile; fileRef = CCFA7D981D11C63000E15EDF /* SRIOConsumer.h */; };
		CCFA7DB61D11C63100E15EDF /* SRIOConsumer.m in Sources */ = {isa = PBXBuildFile; fileRef = CCFA7D991D11C63000E15EDF /* SRIOConsumer.m */; };
		CCFA7DB71D11C63100E15EDF /* SRIOConsumerPool.h in Headers */ = {isa = PBXBuildFile; fileRef = CCFA7D9A1D11C63000E15EDF /* SRIOConsumerPool.h */; };
		CCFA7DB81D11C63100E15EDF /* SRIOConsumerPool.m in Sources */ = {isa = PBXBuildFile; fileRef = CCFA7D9B1D11C63000E15EDF /* SRIOConsumerPool.m */; };
		CCFA7DB91D11C63100E15EDF /* SRProxyConnect.h in Headers */ = {isa = PBXBuildFile; fileRef = CCFA7D9D1D11C63000E15EDF /* SRProxyConnect.h */; };
		CCFA7DBA1D11C63100E15EDF /* SRProxyConnect.m in Sources */ = {isa = PBXBuildFile; fileRef = CCFA7D9E1D11C63000E15EDF /* SRProxyConnect.m */; };
		CCFA7DBB1D11C63100E15EDF /* SRRunLoopThread.h in Headers */ = {isa = PBXBuildFile; fileRef = CCFA7DA01D11C63000E15EDF /* SRRunLoopThread.h */; };
		CCFA7DBC1D11C63100E15EDF /* SRRunLoopThread.m in Sources */ = {isa = PBXBuildFile; fileRef = CCFA7DA11D11C63000E15EDF /* SRRunLoopThread.m */; };
		CCFA7DBD1D11C63100E15EDF /* SRSecurityOptions.h in Headers */ = {isa = PBXBuildFile; fileRef = CCFA7DA31D11C63000E15EDF /* SRSecurityOptions.h */; };
		CCFA7DBE1D11C63100E15EDF /* SRSecurityOptions.m in Sources */ = {isa = PBXBuildFile; fileRef = CCFA7DA41D11C63000E15EDF /* SRSecurityOptions.m */; };
		CCFA7DBF1D11C63100E15EDF /* SRError.h in Headers */ = {isa = PBXBuildFile; fileRef = CCFA7DA61D11C63000E15EDF /* SRError.h */; };
		CCFA7DC01D11C63100E15EDF /* SRError.m in Sources */ = {isa = PBXBuildFile; fileRef = CCFA7DA71D11C63000E15EDF /* SRError.m */; };
		CCFA7DC11D11C63100E15EDF /* SRHash.h in Headers */ = {isa = PBXBuildFile; fileRef = CCFA7DA81D11C63000E15EDF /* SRHash.h */; };
		CCFA7DC21D11C63100E15EDF /* SRHash.m in Sources */ = {isa = PBXBuildFile; fileRef = CCFA7DA91D11C63000E15EDF /* SRHash.m */; };
		CCFA7DC31D11C63100E15EDF /* SRURLUtilities.h in Headers */ = {isa = PBXBuildFile; fileRef = CCFA7DAA1D11C63000E15EDF /* SRURLUtilities.h */; };
		CCFA7DC41D11C63100E15EDF /* SRURLUtilities.m in Sources */ = {isa = PBXBuildFile; fileRef = CCFA7DAB1D11C63000E15EDF /* SRURLUtilities.m */; };
		CCFA7DC51D11C63100E15EDF /* NSRunLoop+SRWebSocket.h in Headers */ = {isa = PBXBuildFile; fileRef = CCFA7DAC1D11C63000E15EDF /* NSRunLoop+SRWebSocket.h */; };
		CCFA7DC61D11C63100E15EDF /* NSRunLoop+SRWebSocket.m in Sources */ = {isa = PBXBuildFile; fileRef = CCFA7DAD1D11C63000E15EDF /* NSRunLoop+SRWebSocket.m */; };
		CCFA7DC71D11C63100E15EDF /* NSURLRequest+SRWebSocket.h in Headers */ = {isa = PBXBuildFile; fileRef = CCFA7DAE1D11C63000E15EDF /* NSURLRequest+SRWebSocket.h */; };
		CCFA7DC81D11C63100E15EDF /* NSURLRequest+SRWebSocket.m in Sources */ = {isa = PBXBuildFile; fileRef = CCFA7DAF1D11C63000E15EDF /* NSURLRequest+SRWebSocket.m */; };
		CCFA7DC91D11C63100E15EDF /* SocketRocket.h in Headers */ = {isa = PBXBuildFile; fileRef = CCFA7DB01D11C63000E15EDF /* SocketRocket.h */; };
		CCFA7DCA1D11C63100E15EDF /* SRWebSocket.h in Headers */ = {isa = PBXBuildFile; fileRef = CCFA7DB11D11C63000E15EDF /* SRWebSocket.h */; };
		CCFA7DCB1D11C63100E15EDF /* SRWebSocket.m in Sources */ = {isa = PBXBuildFile; fileRef = CCFA7DB21D11C63000E15EDF /* SRWebSocket.m */; };
		CCFA7DCD1D11C6CC00E15EDF /* CFNetwork.framework in Frameworks */ = {isa = PBXBuildFile; fileRef = CCFA7DCC1D11C6CC00E15EDF /* CFNetwork.framework */; };
		CCFA7DCF1D11C6DA00E15EDF /* Security.framework in Frameworks */ = {isa = PBXBuildFile; fileRef = CCFA7DCE1D11C6DA00E15EDF /* Security.framework */; };
		CCFA7DD11D11C6E400E15EDF /* Foundation.framework in Frameworks */ = {isa = PBXBuildFile; fileRef = CCFA7DD01D11C6E400E15EDF /* Foundation.framework */; };
		CCFA7DD31D11C6FC00E15EDF /* libicucore.tbd in Frameworks */ = {isa = PBXBuildFile; fileRef = CCFA7DD21D11C6FC00E15EDF /* libicucore.tbd */; };
		CCFA7DD81D11C9F400E15EDF /* DetoxManager.h in Headers */ = {isa = PBXBuildFile; fileRef = CCFA7DD61D11C9F400E15EDF /* DetoxManager.h */; };
		CCFA7DD91D11C9F400E15EDF /* DetoxManager.m in Sources */ = {isa = PBXBuildFile; fileRef = CCFA7DD71D11C9F400E15EDF /* DetoxManager.m */; };
		CCFA7E461D12191200E15EDF /* MethodInvocation.h in Headers */ = {isa = PBXBuildFile; fileRef = CCFA7E441D12191200E15EDF /* MethodInvocation.h */; };
		CCFA7E471D12191200E15EDF /* MethodInvocation.m in Sources */ = {isa = PBXBuildFile; fileRef = CCFA7E451D12191200E15EDF /* MethodInvocation.m */; };
		CCFA7E4A1D12A60600E15EDF /* TestRunner.h in Headers */ = {isa = PBXBuildFile; fileRef = CCFA7E481D12A60600E15EDF /* TestRunner.h */; };
		CCFA7E4B1D12A60600E15EDF /* TestRunner.m in Sources */ = {isa = PBXBuildFile; fileRef = CCFA7E491D12A60600E15EDF /* TestRunner.m */; };
		CCFA7E4E1D12AA4C00E15EDF /* WebSocket.h in Headers */ = {isa = PBXBuildFile; fileRef = CCFA7E4C1D12AA4C00E15EDF /* WebSocket.h */; };
		CCFA7E4F1D12AA4C00E15EDF /* WebSocket.m in Sources */ = {isa = PBXBuildFile; fileRef = CCFA7E4D1D12AA4C00E15EDF /* WebSocket.m */; };
		CCFA7E521D12CA1500E15EDF /* TestFailureHandler.h in Headers */ = {isa = PBXBuildFile; fileRef = CCFA7E501D12CA1500E15EDF /* TestFailureHandler.h */; };
		CCFA7E531D12CA1500E15EDF /* TestFailureHandler.m in Sources */ = {isa = PBXBuildFile; fileRef = CCFA7E511D12CA1500E15EDF /* TestFailureHandler.m */; };
/* End PBXBuildFile section */

/* Begin PBXContainerItemProxy section */
		CCFA7D8D1D11C4E400E15EDF /* PBXContainerItemProxy */ = {
			isa = PBXContainerItemProxy;
			containerPortal = CCFA7D891D11C4E400E15EDF /* EarlGrey.xcodeproj */;
			proxyType = 2;
			remoteGlobalIDString = FD1000E91C5B466F00B2DB0A;
			remoteInfo = EarlGrey;
		};
		CCFA7D901D11C54500E15EDF /* PBXContainerItemProxy */ = {
			isa = PBXContainerItemProxy;
			containerPortal = CCFA7D891D11C4E400E15EDF /* EarlGrey.xcodeproj */;
			proxyType = 1;
			remoteGlobalIDString = FD1000E81C5B466F00B2DB0A;
			remoteInfo = EarlGrey;
		};
/* End PBXContainerItemProxy section */

/* Begin PBXCopyFilesBuildPhase section */
		CC0F35221D460EFC008BB94F /* CopyFiles */ = {
			isa = PBXCopyFilesBuildPhase;
			buildActionMask = 2147483647;
			dstPath = "";
			dstSubfolderSpec = 10;
			files = (
				CC0F35231D460F26008BB94F /* EarlGrey.framework in CopyFiles */,
			);
			runOnlyForDeploymentPostprocessing = 0;
		};
/* End PBXCopyFilesBuildPhase section */

/* Begin PBXFileReference section */
		CC38FC431D61DEB800589F1C /* ReactNativeBridgeIdlingResource.h */ = {isa = PBXFileReference; fileEncoding = 4; lastKnownFileType = sourcecode.c.h; path = ReactNativeBridgeIdlingResource.h; sourceTree = "<group>"; };
		CC38FC441D61DEB800589F1C /* ReactNativeBridgeIdlingResource.m */ = {isa = PBXFileReference; fileEncoding = 4; lastKnownFileType = sourcecode.c.objc; path = ReactNativeBridgeIdlingResource.m; sourceTree = "<group>"; };
		CC38FC481D61F36100589F1C /* ReactNativeHeaders.h */ = {isa = PBXFileReference; lastKnownFileType = sourcecode.c.h; path = ReactNativeHeaders.h; sourceTree = "<group>"; };
		CC38FC4D1D622AFB00589F1C /* ReactNativeUIManagerIdlingResource.h */ = {isa = PBXFileReference; fileEncoding = 4; lastKnownFileType = sourcecode.c.h; path = ReactNativeUIManagerIdlingResource.h; sourceTree = "<group>"; };
		CC38FC4E1D622AFB00589F1C /* ReactNativeUIManagerIdlingResource.m */ = {isa = PBXFileReference; fileEncoding = 4; lastKnownFileType = sourcecode.c.objc; path = ReactNativeUIManagerIdlingResource.m; sourceTree = "<group>"; };
		CC654C741DA7B3720057ECE9 /* GREYMatchers+Detox.h */ = {isa = PBXFileReference; fileEncoding = 4; lastKnownFileType = sourcecode.c.h; path = "GREYMatchers+Detox.h"; sourceTree = "<group>"; };
		CC654C751DA7B3720057ECE9 /* GREYMatchers+Detox.m */ = {isa = PBXFileReference; fileEncoding = 4; lastKnownFileType = sourcecode.c.objc; path = "GREYMatchers+Detox.m"; sourceTree = "<group>"; };
		CCA99FFD1D227DBE00C762B8 /* ReactNativeSupport.h */ = {isa = PBXFileReference; fileEncoding = 4; lastKnownFileType = sourcecode.c.h; path = ReactNativeSupport.h; sourceTree = "<group>"; };
		CCA99FFE1D227DBE00C762B8 /* ReactNativeSupport.m */ = {isa = PBXFileReference; fileEncoding = 4; lastKnownFileType = sourcecode.c.objc; path = ReactNativeSupport.m; sourceTree = "<group>"; };
		CCE105591D48D82F00A40950 /* DetoxLoader.h */ = {isa = PBXFileReference; lastKnownFileType = sourcecode.c.h; path = DetoxLoader.h; sourceTree = "<group>"; };
		CCE6D4371D11A76500F81E39 /* Detox.framework */ = {isa = PBXFileReference; explicitFileType = wrapper.framework; includeInIndex = 0; path = Detox.framework; sourceTree = BUILT_PRODUCTS_DIR; };
		CCE6D43A1D11A76500F81E39 /* Detox.h */ = {isa = PBXFileReference; lastKnownFileType = sourcecode.c.h; path = Detox.h; sourceTree = "<group>"; };
		CCE6D43C1D11A76500F81E39 /* Info.plist */ = {isa = PBXFileReference; lastKnownFileType = text.plist.xml; path = Info.plist; sourceTree = "<group>"; };
		CCFA7D891D11C4E400E15EDF /* EarlGrey.xcodeproj */ = {isa = PBXFileReference; lastKnownFileType = "wrapper.pb-project"; name = EarlGrey.xcodeproj; path = EarlGrey/EarlGrey.xcodeproj; sourceTree = SOURCE_ROOT; };
		CCFA7D951D11C63000E15EDF /* SRDelegateController.h */ = {isa = PBXFileReference; fileEncoding = 4; lastKnownFileType = sourcecode.c.h; path = SRDelegateController.h; sourceTree = "<group>"; };
		CCFA7D961D11C63000E15EDF /* SRDelegateController.m */ = {isa = PBXFileReference; fileEncoding = 4; lastKnownFileType = sourcecode.c.objc; path = SRDelegateController.m; sourceTree = "<group>"; };
		CCFA7D981D11C63000E15EDF /* SRIOConsumer.h */ = {isa = PBXFileReference; fileEncoding = 4; lastKnownFileType = sourcecode.c.h; path = SRIOConsumer.h; sourceTree = "<group>"; };
		CCFA7D991D11C63000E15EDF /* SRIOConsumer.m */ = {isa = PBXFileReference; fileEncoding = 4; lastKnownFileType = sourcecode.c.objc; path = SRIOConsumer.m; sourceTree = "<group>"; };
		CCFA7D9A1D11C63000E15EDF /* SRIOConsumerPool.h */ = {isa = PBXFileReference; fileEncoding = 4; lastKnownFileType = sourcecode.c.h; path = SRIOConsumerPool.h; sourceTree = "<group>"; };
		CCFA7D9B1D11C63000E15EDF /* SRIOConsumerPool.m */ = {isa = PBXFileReference; fileEncoding = 4; lastKnownFileType = sourcecode.c.objc; path = SRIOConsumerPool.m; sourceTree = "<group>"; };
		CCFA7D9D1D11C63000E15EDF /* SRProxyConnect.h */ = {isa = PBXFileReference; fileEncoding = 4; lastKnownFileType = sourcecode.c.h; path = SRProxyConnect.h; sourceTree = "<group>"; };
		CCFA7D9E1D11C63000E15EDF /* SRProxyConnect.m */ = {isa = PBXFileReference; fileEncoding = 4; lastKnownFileType = sourcecode.c.objc; path = SRProxyConnect.m; sourceTree = "<group>"; };
		CCFA7DA01D11C63000E15EDF /* SRRunLoopThread.h */ = {isa = PBXFileReference; fileEncoding = 4; lastKnownFileType = sourcecode.c.h; path = SRRunLoopThread.h; sourceTree = "<group>"; };
		CCFA7DA11D11C63000E15EDF /* SRRunLoopThread.m */ = {isa = PBXFileReference; fileEncoding = 4; lastKnownFileType = sourcecode.c.objc; path = SRRunLoopThread.m; sourceTree = "<group>"; };
		CCFA7DA31D11C63000E15EDF /* SRSecurityOptions.h */ = {isa = PBXFileReference; fileEncoding = 4; lastKnownFileType = sourcecode.c.h; path = SRSecurityOptions.h; sourceTree = "<group>"; };
		CCFA7DA41D11C63000E15EDF /* SRSecurityOptions.m */ = {isa = PBXFileReference; fileEncoding = 4; lastKnownFileType = sourcecode.c.objc; path = SRSecurityOptions.m; sourceTree = "<group>"; };
		CCFA7DA61D11C63000E15EDF /* SRError.h */ = {isa = PBXFileReference; fileEncoding = 4; lastKnownFileType = sourcecode.c.h; path = SRError.h; sourceTree = "<group>"; };
		CCFA7DA71D11C63000E15EDF /* SRError.m */ = {isa = PBXFileReference; fileEncoding = 4; lastKnownFileType = sourcecode.c.objc; path = SRError.m; sourceTree = "<group>"; };
		CCFA7DA81D11C63000E15EDF /* SRHash.h */ = {isa = PBXFileReference; fileEncoding = 4; lastKnownFileType = sourcecode.c.h; path = SRHash.h; sourceTree = "<group>"; };
		CCFA7DA91D11C63000E15EDF /* SRHash.m */ = {isa = PBXFileReference; fileEncoding = 4; lastKnownFileType = sourcecode.c.objc; path = SRHash.m; sourceTree = "<group>"; };
		CCFA7DAA1D11C63000E15EDF /* SRURLUtilities.h */ = {isa = PBXFileReference; fileEncoding = 4; lastKnownFileType = sourcecode.c.h; path = SRURLUtilities.h; sourceTree = "<group>"; };
		CCFA7DAB1D11C63000E15EDF /* SRURLUtilities.m */ = {isa = PBXFileReference; fileEncoding = 4; lastKnownFileType = sourcecode.c.objc; path = SRURLUtilities.m; sourceTree = "<group>"; };
		CCFA7DAC1D11C63000E15EDF /* NSRunLoop+SRWebSocket.h */ = {isa = PBXFileReference; fileEncoding = 4; lastKnownFileType = sourcecode.c.h; path = "NSRunLoop+SRWebSocket.h"; sourceTree = "<group>"; };
		CCFA7DAD1D11C63000E15EDF /* NSRunLoop+SRWebSocket.m */ = {isa = PBXFileReference; fileEncoding = 4; lastKnownFileType = sourcecode.c.objc; path = "NSRunLoop+SRWebSocket.m"; sourceTree = "<group>"; };
		CCFA7DAE1D11C63000E15EDF /* NSURLRequest+SRWebSocket.h */ = {isa = PBXFileReference; fileEncoding = 4; lastKnownFileType = sourcecode.c.h; path = "NSURLRequest+SRWebSocket.h"; sourceTree = "<group>"; };
		CCFA7DAF1D11C63000E15EDF /* NSURLRequest+SRWebSocket.m */ = {isa = PBXFileReference; fileEncoding = 4; lastKnownFileType = sourcecode.c.objc; path = "NSURLRequest+SRWebSocket.m"; sourceTree = "<group>"; };
		CCFA7DB01D11C63000E15EDF /* SocketRocket.h */ = {isa = PBXFileReference; fileEncoding = 4; lastKnownFileType = sourcecode.c.h; path = SocketRocket.h; sourceTree = "<group>"; };
		CCFA7DB11D11C63000E15EDF /* SRWebSocket.h */ = {isa = PBXFileReference; fileEncoding = 4; lastKnownFileType = sourcecode.c.h; path = SRWebSocket.h; sourceTree = "<group>"; };
		CCFA7DB21D11C63000E15EDF /* SRWebSocket.m */ = {isa = PBXFileReference; fileEncoding = 4; lastKnownFileType = sourcecode.c.objc; path = SRWebSocket.m; sourceTree = "<group>"; };
		CCFA7DCC1D11C6CC00E15EDF /* CFNetwork.framework */ = {isa = PBXFileReference; lastKnownFileType = wrapper.framework; name = CFNetwork.framework; path = System/Library/Frameworks/CFNetwork.framework; sourceTree = SDKROOT; };
		CCFA7DCE1D11C6DA00E15EDF /* Security.framework */ = {isa = PBXFileReference; lastKnownFileType = wrapper.framework; name = Security.framework; path = System/Library/Frameworks/Security.framework; sourceTree = SDKROOT; };
		CCFA7DD01D11C6E400E15EDF /* Foundation.framework */ = {isa = PBXFileReference; lastKnownFileType = wrapper.framework; name = Foundation.framework; path = System/Library/Frameworks/Foundation.framework; sourceTree = SDKROOT; };
		CCFA7DD21D11C6FC00E15EDF /* libicucore.tbd */ = {isa = PBXFileReference; lastKnownFileType = "sourcecode.text-based-dylib-definition"; name = libicucore.tbd; path = usr/lib/libicucore.tbd; sourceTree = SDKROOT; };
		CCFA7DD61D11C9F400E15EDF /* DetoxManager.h */ = {isa = PBXFileReference; fileEncoding = 4; lastKnownFileType = sourcecode.c.h; path = DetoxManager.h; sourceTree = "<group>"; };
		CCFA7DD71D11C9F400E15EDF /* DetoxManager.m */ = {isa = PBXFileReference; fileEncoding = 4; lastKnownFileType = sourcecode.c.objc; path = DetoxManager.m; sourceTree = "<group>"; };
		CCFA7E441D12191200E15EDF /* MethodInvocation.h */ = {isa = PBXFileReference; fileEncoding = 4; lastKnownFileType = sourcecode.c.h; path = MethodInvocation.h; sourceTree = "<group>"; };
		CCFA7E451D12191200E15EDF /* MethodInvocation.m */ = {isa = PBXFileReference; fileEncoding = 4; lastKnownFileType = sourcecode.c.objc; path = MethodInvocation.m; sourceTree = "<group>"; };
		CCFA7E481D12A60600E15EDF /* TestRunner.h */ = {isa = PBXFileReference; fileEncoding = 4; lastKnownFileType = sourcecode.c.h; path = TestRunner.h; sourceTree = "<group>"; };
		CCFA7E491D12A60600E15EDF /* TestRunner.m */ = {isa = PBXFileReference; fileEncoding = 4; lastKnownFileType = sourcecode.c.objc; path = TestRunner.m; sourceTree = "<group>"; };
		CCFA7E4C1D12AA4C00E15EDF /* WebSocket.h */ = {isa = PBXFileReference; fileEncoding = 4; lastKnownFileType = sourcecode.c.h; path = WebSocket.h; sourceTree = "<group>"; };
		CCFA7E4D1D12AA4C00E15EDF /* WebSocket.m */ = {isa = PBXFileReference; fileEncoding = 4; lastKnownFileType = sourcecode.c.objc; path = WebSocket.m; sourceTree = "<group>"; };
		CCFA7E501D12CA1500E15EDF /* TestFailureHandler.h */ = {isa = PBXFileReference; fileEncoding = 4; lastKnownFileType = sourcecode.c.h; path = TestFailureHandler.h; sourceTree = "<group>"; };
		CCFA7E511D12CA1500E15EDF /* TestFailureHandler.m */ = {isa = PBXFileReference; fileEncoding = 4; lastKnownFileType = sourcecode.c.objc; path = TestFailureHandler.m; sourceTree = "<group>"; };
/* End PBXFileReference section */

/* Begin PBXFrameworksBuildPhase section */
		CCE6D4331D11A76500F81E39 /* Frameworks */ = {
			isa = PBXFrameworksBuildPhase;
			buildActionMask = 2147483647;
			files = (
				CCFA7DD31D11C6FC00E15EDF /* libicucore.tbd in Frameworks */,
				CCFA7DD11D11C6E400E15EDF /* Foundation.framework in Frameworks */,
				CCFA7DCF1D11C6DA00E15EDF /* Security.framework in Frameworks */,
				CCFA7DCD1D11C6CC00E15EDF /* CFNetwork.framework in Frameworks */,
				CCFA7D8F1D11C54100E15EDF /* EarlGrey.framework in Frameworks */,
			);
			runOnlyForDeploymentPostprocessing = 0;
		};
/* End PBXFrameworksBuildPhase section */

/* Begin PBXGroup section */
		CC38FC471D61E3B500589F1C /* ReactNativeSupport */ = {
			isa = PBXGroup;
			children = (
				CC38FC481D61F36100589F1C /* ReactNativeHeaders.h */,
				CCA99FFD1D227DBE00C762B8 /* ReactNativeSupport.h */,
				CCA99FFE1D227DBE00C762B8 /* ReactNativeSupport.m */,
				CC38FC431D61DEB800589F1C /* ReactNativeBridgeIdlingResource.h */,
				CC38FC441D61DEB800589F1C /* ReactNativeBridgeIdlingResource.m */,
				CC38FC4D1D622AFB00589F1C /* ReactNativeUIManagerIdlingResource.h */,
				CC38FC4E1D622AFB00589F1C /* ReactNativeUIManagerIdlingResource.m */,
			);
			name = ReactNativeSupport;
			sourceTree = "<group>";
		};
		CC654C731DA7B2A60057ECE9 /* EarlGreyExtentions */ = {
			isa = PBXGroup;
			children = (
				CC654C741DA7B3720057ECE9 /* GREYMatchers+Detox.h */,
				CC654C751DA7B3720057ECE9 /* GREYMatchers+Detox.m */,
			);
			name = EarlGreyExtentions;
			sourceTree = "<group>";
		};
		CCE6D42D1D11A76500F81E39 = {
			isa = PBXGroup;
			children = (
				CCE6D4391D11A76500F81E39 /* Detox */,
				CCFA7DD41D11C71300E15EDF /* Frameworks */,
				CCE6D4381D11A76500F81E39 /* Products */,
			);
			sourceTree = "<group>";
		};
		CCE6D4381D11A76500F81E39 /* Products */ = {
			isa = PBXGroup;
			children = (
				CCE6D4371D11A76500F81E39 /* Detox.framework */,
			);
			name = Products;
			sourceTree = "<group>";
		};
		CCE6D4391D11A76500F81E39 /* Detox */ = {
			isa = PBXGroup;
			children = (
				CCE6D43A1D11A76500F81E39 /* Detox.h */,
				CCE105591D48D82F00A40950 /* DetoxLoader.h */,
				CCFA7DD61D11C9F400E15EDF /* DetoxManager.h */,
				CCFA7DD71D11C9F400E15EDF /* DetoxManager.m */,
				CCFA7E4C1D12AA4C00E15EDF /* WebSocket.h */,
				CCFA7E4D1D12AA4C00E15EDF /* WebSocket.m */,
				CCFA7E481D12A60600E15EDF /* TestRunner.h */,
				CCFA7E491D12A60600E15EDF /* TestRunner.m */,
				CCFA7E501D12CA1500E15EDF /* TestFailureHandler.h */,
				CCFA7E511D12CA1500E15EDF /* TestFailureHandler.m */,
				CCFA7E441D12191200E15EDF /* MethodInvocation.h */,
				CCFA7E451D12191200E15EDF /* MethodInvocation.m */,
				CC654C731DA7B2A60057ECE9 /* EarlGreyExtentions */,
				CC38FC471D61E3B500589F1C /* ReactNativeSupport */,
				CCE6D43C1D11A76500F81E39 /* Info.plist */,
				CCFA7D921D11C63000E15EDF /* SocketRocket */,
			);
			path = Detox;
			sourceTree = "<group>";
		};
		CCFA7D8A1D11C4E400E15EDF /* Products */ = {
			isa = PBXGroup;
			children = (
				CCFA7D8E1D11C4E400E15EDF /* EarlGrey.framework */,
			);
			name = Products;
			sourceTree = "<group>";
		};
		CCFA7D921D11C63000E15EDF /* SocketRocket */ = {
			isa = PBXGroup;
			children = (
				CCFA7D931D11C63000E15EDF /* Internal */,
				CCFA7DAC1D11C63000E15EDF /* NSRunLoop+SRWebSocket.h */,
				CCFA7DAD1D11C63000E15EDF /* NSRunLoop+SRWebSocket.m */,
				CCFA7DAE1D11C63000E15EDF /* NSURLRequest+SRWebSocket.h */,
				CCFA7DAF1D11C63000E15EDF /* NSURLRequest+SRWebSocket.m */,
				CCFA7DB01D11C63000E15EDF /* SocketRocket.h */,
				CCFA7DB11D11C63000E15EDF /* SRWebSocket.h */,
				CCFA7DB21D11C63000E15EDF /* SRWebSocket.m */,
			);
			path = SocketRocket;
			sourceTree = "<group>";
		};
		CCFA7D931D11C63000E15EDF /* Internal */ = {
			isa = PBXGroup;
			children = (
				CCFA7D941D11C63000E15EDF /* Delegate */,
				CCFA7D971D11C63000E15EDF /* IOConsumer */,
				CCFA7D9C1D11C63000E15EDF /* Proxy */,
				CCFA7D9F1D11C63000E15EDF /* RunLoop */,
				CCFA7DA21D11C63000E15EDF /* Security */,
				CCFA7DA51D11C63000E15EDF /* Utilities */,
			);
			path = Internal;
			sourceTree = "<group>";
		};
		CCFA7D941D11C63000E15EDF /* Delegate */ = {
			isa = PBXGroup;
			children = (
				CCFA7D951D11C63000E15EDF /* SRDelegateController.h */,
				CCFA7D961D11C63000E15EDF /* SRDelegateController.m */,
			);
			path = Delegate;
			sourceTree = "<group>";
		};
		CCFA7D971D11C63000E15EDF /* IOConsumer */ = {
			isa = PBXGroup;
			children = (
				CCFA7D981D11C63000E15EDF /* SRIOConsumer.h */,
				CCFA7D991D11C63000E15EDF /* SRIOConsumer.m */,
				CCFA7D9A1D11C63000E15EDF /* SRIOConsumerPool.h */,
				CCFA7D9B1D11C63000E15EDF /* SRIOConsumerPool.m */,
			);
			path = IOConsumer;
			sourceTree = "<group>";
		};
		CCFA7D9C1D11C63000E15EDF /* Proxy */ = {
			isa = PBXGroup;
			children = (
				CCFA7D9D1D11C63000E15EDF /* SRProxyConnect.h */,
				CCFA7D9E1D11C63000E15EDF /* SRProxyConnect.m */,
			);
			path = Proxy;
			sourceTree = "<group>";
		};
		CCFA7D9F1D11C63000E15EDF /* RunLoop */ = {
			isa = PBXGroup;
			children = (
				CCFA7DA01D11C63000E15EDF /* SRRunLoopThread.h */,
				CCFA7DA11D11C63000E15EDF /* SRRunLoopThread.m */,
			);
			path = RunLoop;
			sourceTree = "<group>";
		};
		CCFA7DA21D11C63000E15EDF /* Security */ = {
			isa = PBXGroup;
			children = (
				CCFA7DA31D11C63000E15EDF /* SRSecurityOptions.h */,
				CCFA7DA41D11C63000E15EDF /* SRSecurityOptions.m */,
			);
			path = Security;
			sourceTree = "<group>";
		};
		CCFA7DA51D11C63000E15EDF /* Utilities */ = {
			isa = PBXGroup;
			children = (
				CCFA7DA61D11C63000E15EDF /* SRError.h */,
				CCFA7DA71D11C63000E15EDF /* SRError.m */,
				CCFA7DA81D11C63000E15EDF /* SRHash.h */,
				CCFA7DA91D11C63000E15EDF /* SRHash.m */,
				CCFA7DAA1D11C63000E15EDF /* SRURLUtilities.h */,
				CCFA7DAB1D11C63000E15EDF /* SRURLUtilities.m */,
			);
			path = Utilities;
			sourceTree = "<group>";
		};
		CCFA7DD41D11C71300E15EDF /* Frameworks */ = {
			isa = PBXGroup;
			children = (
				CCFA7D891D11C4E400E15EDF /* EarlGrey.xcodeproj */,
				CCFA7DD21D11C6FC00E15EDF /* libicucore.tbd */,
				CCFA7DD01D11C6E400E15EDF /* Foundation.framework */,
				CCFA7DCE1D11C6DA00E15EDF /* Security.framework */,
				CCFA7DCC1D11C6CC00E15EDF /* CFNetwork.framework */,
			);
			name = Frameworks;
			path = Detox;
			sourceTree = "<group>";
		};
/* End PBXGroup section */

/* Begin PBXHeadersBuildPhase section */
		CCE6D4341D11A76500F81E39 /* Headers */ = {
			isa = PBXHeadersBuildPhase;
			buildActionMask = 2147483647;
			files = (
				CCFA7DB51D11C63100E15EDF /* SRIOConsumer.h in Headers */,
				CCFA7DB91D11C63100E15EDF /* SRProxyConnect.h in Headers */,
				CC38FC4F1D622AFB00589F1C /* ReactNativeUIManagerIdlingResource.h in Headers */,
				CCFA7DC51D11C63100E15EDF /* NSRunLoop+SRWebSocket.h in Headers */,
				CCFA7E521D12CA1500E15EDF /* TestFailureHandler.h in Headers */,
				CC654C761DA7B3720057ECE9 /* GREYMatchers+Detox.h in Headers */,
				CCFA7E461D12191200E15EDF /* MethodInvocation.h in Headers */,
				CCFA7DD81D11C9F400E15EDF /* DetoxManager.h in Headers */,
				CCFA7DCA1D11C63100E15EDF /* SRWebSocket.h in Headers */,
				CCFA7DB31D11C63100E15EDF /* SRDelegateController.h in Headers */,
				CCFA7DC91D11C63100E15EDF /* SocketRocket.h in Headers */,
				CCFA7DC71D11C63100E15EDF /* NSURLRequest+SRWebSocket.h in Headers */,
				CCFA7DC11D11C63100E15EDF /* SRHash.h in Headers */,
				CCE6D43B1D11A76500F81E39 /* Detox.h in Headers */,
				CCFA7E4A1D12A60600E15EDF /* TestRunner.h in Headers */,
				CCA99FFF1D227DBE00C762B8 /* ReactNativeSupport.h in Headers */,
				CCFA7DBD1D11C63100E15EDF /* SRSecurityOptions.h in Headers */,
				CCFA7DB71D11C63100E15EDF /* SRIOConsumerPool.h in Headers */,
				CCFA7E4E1D12AA4C00E15EDF /* WebSocket.h in Headers */,
				CC38FC451D61DEB800589F1C /* ReactNativeBridgeIdlingResource.h in Headers */,
				CCFA7DBF1D11C63100E15EDF /* SRError.h in Headers */,
				CCFA7DC31D11C63100E15EDF /* SRURLUtilities.h in Headers */,
				CCFA7DBB1D11C63100E15EDF /* SRRunLoopThread.h in Headers */,
			);
			runOnlyForDeploymentPostprocessing = 0;
		};
/* End PBXHeadersBuildPhase section */

/* Begin PBXNativeTarget section */
		CCE6D4361D11A76500F81E39 /* Detox */ = {
			isa = PBXNativeTarget;
			buildConfigurationList = CCE6D43F1D11A76500F81E39 /* Build configuration list for PBXNativeTarget "Detox" */;
			buildPhases = (
				CCE6D4321D11A76500F81E39 /* Sources */,
				CCE6D4331D11A76500F81E39 /* Frameworks */,
				CCE6D4341D11A76500F81E39 /* Headers */,
				CCE6D4351D11A76500F81E39 /* Resources */,
				CC0F35221D460EFC008BB94F /* CopyFiles */,
			);
			buildRules = (
			);
			dependencies = (
				CCFA7D911D11C54500E15EDF /* PBXTargetDependency */,
			);
			name = Detox;
			productName = Detox;
			productReference = CCE6D4371D11A76500F81E39 /* Detox.framework */;
			productType = "com.apple.product-type.framework";
		};
/* End PBXNativeTarget section */

/* Begin PBXProject section */
		CCE6D42E1D11A76500F81E39 /* Project object */ = {
			isa = PBXProject;
			attributes = {
				LastUpgradeCheck = 0730;
				ORGANIZATIONNAME = Wix;
				TargetAttributes = {
					CCE6D4361D11A76500F81E39 = {
						CreatedOnToolsVersion = 7.3;
					};
				};
			};
			buildConfigurationList = CCE6D4311D11A76500F81E39 /* Build configuration list for PBXProject "Detox" */;
			compatibilityVersion = "Xcode 3.2";
			developmentRegion = English;
			hasScannedForEncodings = 0;
			knownRegions = (
				en,
			);
			mainGroup = CCE6D42D1D11A76500F81E39;
			productRefGroup = CCE6D4381D11A76500F81E39 /* Products */;
			projectDirPath = "";
			projectReferences = (
				{
					ProductGroup = CCFA7D8A1D11C4E400E15EDF /* Products */;
					ProjectRef = CCFA7D891D11C4E400E15EDF /* EarlGrey.xcodeproj */;
				},
			);
			projectRoot = "";
			targets = (
				CCE6D4361D11A76500F81E39 /* Detox */,
			);
		};
/* End PBXProject section */

/* Begin PBXReferenceProxy section */
		CCFA7D8E1D11C4E400E15EDF /* EarlGrey.framework */ = {
			isa = PBXReferenceProxy;
			fileType = wrapper.framework;
			path = EarlGrey.framework;
			remoteRef = CCFA7D8D1D11C4E400E15EDF /* PBXContainerItemProxy */;
			sourceTree = BUILT_PRODUCTS_DIR;
		};
/* End PBXReferenceProxy section */

/* Begin PBXResourcesBuildPhase section */
		CCE6D4351D11A76500F81E39 /* Resources */ = {
			isa = PBXResourcesBuildPhase;
			buildActionMask = 2147483647;
			files = (
			);
			runOnlyForDeploymentPostprocessing = 0;
		};
/* End PBXResourcesBuildPhase section */

/* Begin PBXSourcesBuildPhase section */
		CCE6D4321D11A76500F81E39 /* Sources */ = {
			isa = PBXSourcesBuildPhase;
			buildActionMask = 2147483647;
			files = (
				CCFA7E471D12191200E15EDF /* MethodInvocation.m in Sources */,
				CCFA7DCB1D11C63100E15EDF /* SRWebSocket.m in Sources */,
				CCFA7DD91D11C9F400E15EDF /* DetoxManager.m in Sources */,
				CCFA7DC01D11C63100E15EDF /* SRError.m in Sources */,
				CCFA7E531D12CA1500E15EDF /* TestFailureHandler.m in Sources */,
				CCFA7DC41D11C63100E15EDF /* SRURLUtilities.m in Sources */,
				CCA9A0001D227DBE00C762B8 /* ReactNativeSupport.m in Sources */,
				CC654C771DA7B3720057ECE9 /* GREYMatchers+Detox.m in Sources */,
				CCFA7DBA1D11C63100E15EDF /* SRProxyConnect.m in Sources */,
				CCFA7DC61D11C63100E15EDF /* NSRunLoop+SRWebSocket.m in Sources */,
				CCFA7E4B1D12A60600E15EDF /* TestRunner.m in Sources */,
				CCFA7DB61D11C63100E15EDF /* SRIOConsumer.m in Sources */,
				CCFA7DB81D11C63100E15EDF /* SRIOConsumerPool.m in Sources */,
				CC38FC501D622AFB00589F1C /* ReactNativeUIManagerIdlingResource.m in Sources */,
				CCFA7DC21D11C63100E15EDF /* SRHash.m in Sources */,
				CCFA7DBE1D11C63100E15EDF /* SRSecurityOptions.m in Sources */,
				CCFA7DBC1D11C63100E15EDF /* SRRunLoopThread.m in Sources */,
				CCFA7E4F1D12AA4C00E15EDF /* WebSocket.m in Sources */,
				CC38FC461D61DEB800589F1C /* ReactNativeBridgeIdlingResource.m in Sources */,
				CCFA7DB41D11C63100E15EDF /* SRDelegateController.m in Sources */,
				CCFA7DC81D11C63100E15EDF /* NSURLRequest+SRWebSocket.m in Sources */,
			);
			runOnlyForDeploymentPostprocessing = 0;
		};
/* End PBXSourcesBuildPhase section */

/* Begin PBXTargetDependency section */
		CCFA7D911D11C54500E15EDF /* PBXTargetDependency */ = {
			isa = PBXTargetDependency;
			name = EarlGrey;
			targetProxy = CCFA7D901D11C54500E15EDF /* PBXContainerItemProxy */;
		};
/* End PBXTargetDependency section */

/* Begin XCBuildConfiguration section */
		CCE6D43D1D11A76500F81E39 /* Debug */ = {
			isa = XCBuildConfiguration;
			buildSettings = {
				ALWAYS_SEARCH_USER_PATHS = NO;
				CLANG_ANALYZER_NONNULL = YES;
				CLANG_CXX_LANGUAGE_STANDARD = "gnu++0x";
				CLANG_CXX_LIBRARY = "libc++";
				CLANG_ENABLE_MODULES = YES;
				CLANG_ENABLE_OBJC_ARC = YES;
				CLANG_WARN_BOOL_CONVERSION = YES;
				CLANG_WARN_CONSTANT_CONVERSION = YES;
				CLANG_WARN_DIRECT_OBJC_ISA_USAGE = YES_ERROR;
				CLANG_WARN_EMPTY_BODY = YES;
				CLANG_WARN_ENUM_CONVERSION = YES;
				CLANG_WARN_INT_CONVERSION = YES;
				CLANG_WARN_OBJC_ROOT_CLASS = YES_ERROR;
				CLANG_WARN_UNREACHABLE_CODE = YES;
				CLANG_WARN__DUPLICATE_METHOD_MATCH = YES;
				"CODE_SIGN_IDENTITY[sdk=iphoneos*]" = "iPhone Developer";
				COPY_PHASE_STRIP = NO;
				CURRENT_PROJECT_VERSION = 1;
				DEBUG_INFORMATION_FORMAT = dwarf;
				ENABLE_STRICT_OBJC_MSGSEND = YES;
				ENABLE_TESTABILITY = YES;
				GCC_C_LANGUAGE_STANDARD = gnu99;
				GCC_DYNAMIC_NO_PIC = NO;
				GCC_NO_COMMON_BLOCKS = YES;
				GCC_OPTIMIZATION_LEVEL = 0;
				GCC_PREPROCESSOR_DEFINITIONS = (
					"DEBUG=1",
					"$(inherited)",
				);
				GCC_WARN_64_TO_32_BIT_CONVERSION = YES;
				GCC_WARN_ABOUT_RETURN_TYPE = YES_ERROR;
				GCC_WARN_UNDECLARED_SELECTOR = YES;
				GCC_WARN_UNINITIALIZED_AUTOS = YES_AGGRESSIVE;
				GCC_WARN_UNUSED_FUNCTION = YES;
				GCC_WARN_UNUSED_VARIABLE = YES;
				IPHONEOS_DEPLOYMENT_TARGET = 9.3;
				MTL_ENABLE_DEBUG_INFO = YES;
				ONLY_ACTIVE_ARCH = YES;
				SDKROOT = iphoneos;
				TARGETED_DEVICE_FAMILY = "1,2";
				VERSIONING_SYSTEM = "apple-generic";
				VERSION_INFO_PREFIX = "";
			};
			name = Debug;
		};
		CCE6D43E1D11A76500F81E39 /* Release */ = {
			isa = XCBuildConfiguration;
			buildSettings = {
				ALWAYS_SEARCH_USER_PATHS = NO;
				CLANG_ANALYZER_NONNULL = YES;
				CLANG_CXX_LANGUAGE_STANDARD = "gnu++0x";
				CLANG_CXX_LIBRARY = "libc++";
				CLANG_ENABLE_MODULES = YES;
				CLANG_ENABLE_OBJC_ARC = YES;
				CLANG_WARN_BOOL_CONVERSION = YES;
				CLANG_WARN_CONSTANT_CONVERSION = YES;
				CLANG_WARN_DIRECT_OBJC_ISA_USAGE = YES_ERROR;
				CLANG_WARN_EMPTY_BODY = YES;
				CLANG_WARN_ENUM_CONVERSION = YES;
				CLANG_WARN_INT_CONVERSION = YES;
				CLANG_WARN_OBJC_ROOT_CLASS = YES_ERROR;
				CLANG_WARN_UNREACHABLE_CODE = YES;
				CLANG_WARN__DUPLICATE_METHOD_MATCH = YES;
				"CODE_SIGN_IDENTITY[sdk=iphoneos*]" = "iPhone Developer";
				COPY_PHASE_STRIP = NO;
				CURRENT_PROJECT_VERSION = 1;
				DEBUG_INFORMATION_FORMAT = "dwarf-with-dsym";
				ENABLE_NS_ASSERTIONS = NO;
				ENABLE_STRICT_OBJC_MSGSEND = YES;
				GCC_C_LANGUAGE_STANDARD = gnu99;
				GCC_NO_COMMON_BLOCKS = YES;
				GCC_WARN_64_TO_32_BIT_CONVERSION = YES;
				GCC_WARN_ABOUT_RETURN_TYPE = YES_ERROR;
				GCC_WARN_UNDECLARED_SELECTOR = YES;
				GCC_WARN_UNINITIALIZED_AUTOS = YES_AGGRESSIVE;
				GCC_WARN_UNUSED_FUNCTION = YES;
				GCC_WARN_UNUSED_VARIABLE = YES;
				IPHONEOS_DEPLOYMENT_TARGET = 9.3;
				MTL_ENABLE_DEBUG_INFO = NO;
				SDKROOT = iphoneos;
				TARGETED_DEVICE_FAMILY = "1,2";
				VALIDATE_PRODUCT = YES;
				VERSIONING_SYSTEM = "apple-generic";
				VERSION_INFO_PREFIX = "";
			};
			name = Release;
		};
		CCE6D4401D11A76500F81E39 /* Debug */ = {
			isa = XCBuildConfiguration;
			buildSettings = {
				DEFINES_MODULE = YES;
				DYLIB_COMPATIBILITY_VERSION = 1;
				DYLIB_CURRENT_VERSION = 1;
				DYLIB_INSTALL_NAME_BASE = "@rpath";
				ENABLE_BITCODE = NO;
				FRAMEWORK_SEARCH_PATHS = "${SRCROOT}/EarlGrey/**";
				HEADER_SEARCH_PATHS = "${SRCROOT}/EarlGrey/**";
				INFOPLIST_FILE = Detox/Info.plist;
				INSTALL_PATH = "$(LOCAL_LIBRARY_DIR)/Frameworks";
				IPHONEOS_DEPLOYMENT_TARGET = 8.0;
				LD_RUNPATH_SEARCH_PATHS = "$(inherited) @executable_path/Frameworks @loader_path/Frameworks";
				PRODUCT_BUNDLE_IDENTIFIER = com.wix.Detox;
				PRODUCT_NAME = "$(TARGET_NAME)";
				SKIP_INSTALL = YES;
			};
			name = Debug;
		};
		CCE6D4411D11A76500F81E39 /* Release */ = {
			isa = XCBuildConfiguration;
			buildSettings = {
				DEFINES_MODULE = YES;
				DYLIB_COMPATIBILITY_VERSION = 1;
				DYLIB_CURRENT_VERSION = 1;
				DYLIB_INSTALL_NAME_BASE = "@rpath";
				ENABLE_BITCODE = NO;
				FRAMEWORK_SEARCH_PATHS = "${SRCROOT}/EarlGrey/**";
				HEADER_SEARCH_PATHS = "${SRCROOT}/EarlGrey/**";
				INFOPLIST_FILE = Detox/Info.plist;
				INSTALL_PATH = "$(LOCAL_LIBRARY_DIR)/Frameworks";
				IPHONEOS_DEPLOYMENT_TARGET = 8.0;
				LD_RUNPATH_SEARCH_PATHS = "$(inherited) @executable_path/Frameworks @loader_path/Frameworks";
				PRODUCT_BUNDLE_IDENTIFIER = com.wix.Detox;
				PRODUCT_NAME = "$(TARGET_NAME)";
				SKIP_INSTALL = YES;
			};
			name = Release;
		};
/* End XCBuildConfiguration section */

/* Begin XCConfigurationList section */
		CCE6D4311D11A76500F81E39 /* Build configuration list for PBXProject "Detox" */ = {
			isa = XCConfigurationList;
			buildConfigurations = (
				CCE6D43D1D11A76500F81E39 /* Debug */,
				CCE6D43E1D11A76500F81E39 /* Release */,
			);
			defaultConfigurationIsVisible = 0;
			defaultConfigurationName = Release;
		};
		CCE6D43F1D11A76500F81E39 /* Build configuration list for PBXNativeTarget "Detox" */ = {
			isa = XCConfigurationList;
			buildConfigurations = (
				CCE6D4401D11A76500F81E39 /* Debug */,
				CCE6D4411D11A76500F81E39 /* Release */,
			);
			defaultConfigurationIsVisible = 0;
			defaultConfigurationName = Release;
		};
/* End XCConfigurationList section */
	};
	rootObject = CCE6D42E1D11A76500F81E39 /* Project object */;
}
