// !$*UTF8*$!
{
	archiveVersion = 1;
	classes = {
	};
	objectVersion = 46;
	objects = {

/* Begin PBXBuildFile section */
		2CA3B1F54964D5AA05D2BAE2 /* EarlGrey.framework in Frameworks */ = {isa = PBXBuildFile; fileRef = 19B31B31174226AA714FA76B /* EarlGrey.framework */; };
		D62638D71CB6B16100E3950D /* ExampleEarlGrey.swift in Sources */ = {isa = PBXBuildFile; fileRef = D62638D61CB6B16100E3950D /* ExampleEarlGrey.swift */; };
		D62638DF1CB6B19000E3950D /* EarlGrey.swift in Sources */ = {isa = PBXBuildFile; fileRef = D62638DE1CB6B19000E3950D /* EarlGrey.swift */; };
		D62638E21CB6B22700E3950D /* EarlGrey.framework in Frameworks */ = {isa = PBXBuildFile; fileRef = D62638E11CB6B22700E3950D /* EarlGrey.framework */; };
		D62638E81CB6C0A000E3950D /* EarlGrey.framework in CopyFiles */ = {isa = PBXBuildFile; fileRef = D62638E71CB6C0A000E3950D /* EarlGrey.framework */; settings = {ATTRIBUTES = (CodeSignOnCopy, ); }; };
		D656E6BD1CC59EC1002FE7EA /* AutoEarlGrey.swift in Sources */ = {isa = PBXBuildFile; fileRef = D656E6BC1CC59EC1002FE7EA /* AutoEarlGrey.swift */; };
		E49E2796E36459DEB07293F4 /* EarlGrey.swift in Sources */ = {isa = PBXBuildFile; fileRef = 179025917DAB4369435A7D9F /* EarlGrey.swift */; };
		F98C3B8B1C65354100389099 /* AppDelegate.swift in Sources */ = {isa = PBXBuildFile; fileRef = F98C3B8A1C65354100389099 /* AppDelegate.swift */; };
		F98C3B8D1C65354100389099 /* ViewController.swift in Sources */ = {isa = PBXBuildFile; fileRef = F98C3B8C1C65354100389099 /* ViewController.swift */; };
		F98C3B901C65354100389099 /* Main.storyboard in Resources */ = {isa = PBXBuildFile; fileRef = F98C3B8E1C65354100389099 /* Main.storyboard */; };
		F98C3B921C65354100389099 /* Assets.xcassets in Resources */ = {isa = PBXBuildFile; fileRef = F98C3B911C65354100389099 /* Assets.xcassets */; };
		F98C3B951C65354100389099 /* LaunchScreen.storyboard in Resources */ = {isa = PBXBuildFile; fileRef = F98C3B931C65354100389099 /* LaunchScreen.storyboard */; };
		F98C3BA01C65354100389099 /* ExampleUITests.swift in Sources */ = {isa = PBXBuildFile; fileRef = F98C3B9F1C65354100389099 /* ExampleUITests.swift */; };
/* End PBXBuildFile section */

/* Begin PBXContainerItemProxy section */
		D62638D91CB6B16100E3950D /* PBXContainerItemProxy */ = {
			isa = PBXContainerItemProxy;
			containerPortal = F98C3B7F1C65354100389099 /* Project object */;
			proxyType = 1;
			remoteGlobalIDString = F98C3B861C65354100389099;
			remoteInfo = Example;
		};
		D656E6BF1CC59EC1002FE7EA /* PBXContainerItemProxy */ = {
			isa = PBXContainerItemProxy;
			containerPortal = F98C3B7F1C65354100389099 /* Project object */;
			proxyType = 1;
			remoteGlobalIDString = F98C3B861C65354100389099;
			remoteInfo = Example;
		};
		F98C3B9C1C65354100389099 /* PBXContainerItemProxy */ = {
			isa = PBXContainerItemProxy;
			containerPortal = F98C3B7F1C65354100389099 /* Project object */;
			proxyType = 1;
			remoteGlobalIDString = F98C3B861C65354100389099;
			remoteInfo = Example;
		};
/* End PBXContainerItemProxy section */

/* Begin PBXCopyFilesBuildPhase section */
		D62638E61CB6C06500E3950D /* CopyFiles */ = {
			isa = PBXCopyFilesBuildPhase;
			buildActionMask = 2147483647;
			dstPath = "$(TEST_HOST)/..";
			dstSubfolderSpec = 0;
			files = (
				D62638E81CB6C0A000E3950D /* EarlGrey.framework in CopyFiles */,
			);
			runOnlyForDeploymentPostprocessing = 0;
		};
/* End PBXCopyFilesBuildPhase section */

/* Begin PBXFileReference section */
		179025917DAB4369435A7D9F /* EarlGrey.swift */ = {isa = PBXFileReference; includeInIndex = 1; lastKnownFileType = sourcecode.swift; path = EarlGrey.swift; sourceTree = "<group>"; };
		19B31B31174226AA714FA76B /* EarlGrey.framework */ = {isa = PBXFileReference; lastKnownFileType = wrapper.framework; name = EarlGrey.framework; path = "${SRCROOT}/Carthage/Build/iOS/EarlGrey.framework"; sourceTree = SRCROOT; };
		399BD0F4F8B7F4C0221A733D /* EarlGrey.framework */ = {isa = PBXFileReference; lastKnownFileType = wrapper.framework; name = EarlGrey.framework; path = "${SRCROOT}/Pods/EarlGrey/EarlGrey-1.0.0/EarlGrey.framework"; sourceTree = SRCROOT; };
		BDC51402AFF40886FE29EB84 /* BridgingHeader.h */ = {isa = PBXFileReference; includeInIndex = 1; lastKnownFileType = sourcecode.c.h; path = BridgingHeader.h; sourceTree = "<group>"; };
		D62638D41CB6B16100E3950D /* ExampleEarlGrey.xctest */ = {isa = PBXFileReference; explicitFileType = wrapper.cfbundle; includeInIndex = 0; path = ExampleEarlGrey.xctest; sourceTree = BUILT_PRODUCTS_DIR; };
		D62638D61CB6B16100E3950D /* ExampleEarlGrey.swift */ = {isa = PBXFileReference; lastKnownFileType = sourcecode.swift; path = ExampleEarlGrey.swift; sourceTree = "<group>"; };
		D62638D81CB6B16100E3950D /* Info.plist */ = {isa = PBXFileReference; lastKnownFileType = text.plist.xml; path = Info.plist; sourceTree = "<group>"; };
		D62638DE1CB6B19000E3950D /* EarlGrey.swift */ = {isa = PBXFileReference; fileEncoding = 4; lastKnownFileType = sourcecode.swift; path = EarlGrey.swift; sourceTree = "<group>"; };
		D62638E01CB6B1A500E3950D /* bridge.h */ = {isa = PBXFileReference; fileEncoding = 4; lastKnownFileType = sourcecode.c.h; path = bridge.h; sourceTree = "<group>"; };
		D62638E11CB6B22700E3950D /* EarlGrey.framework */ = {isa = PBXFileReference; lastKnownFileType = wrapper.framework; name = EarlGrey.framework; path = Carthage/Build/iOS/EarlGrey.framework; sourceTree = "<group>"; };
		D62638E71CB6C0A000E3950D /* EarlGrey.framework */ = {isa = PBXFileReference; lastKnownFileType = wrapper.framework; name = EarlGrey.framework; path = Carthage/Build/iOS/EarlGrey.framework; sourceTree = "<group>"; };
		D656E6BA1CC59EC1002FE7EA /* AutoEarlGrey.xctest */ = {isa = PBXFileReference; explicitFileType = wrapper.cfbundle; includeInIndex = 0; path = AutoEarlGrey.xctest; sourceTree = BUILT_PRODUCTS_DIR; };
		D656E6BC1CC59EC1002FE7EA /* AutoEarlGrey.swift */ = {isa = PBXFileReference; lastKnownFileType = sourcecode.swift; path = AutoEarlGrey.swift; sourceTree = "<group>"; };
		D656E6BE1CC59EC1002FE7EA /* Info.plist */ = {isa = PBXFileReference; lastKnownFileType = text.plist.xml; path = Info.plist; sourceTree = "<group>"; };
		F98C3B871C65354100389099 /* Example.app */ = {isa = PBXFileReference; explicitFileType = wrapper.application; includeInIndex = 0; path = Example.app; sourceTree = BUILT_PRODUCTS_DIR; };
		F98C3B8A1C65354100389099 /* AppDelegate.swift */ = {isa = PBXFileReference; lastKnownFileType = sourcecode.swift; path = AppDelegate.swift; sourceTree = "<group>"; };
		F98C3B8C1C65354100389099 /* ViewController.swift */ = {isa = PBXFileReference; lastKnownFileType = sourcecode.swift; path = ViewController.swift; sourceTree = "<group>"; };
		F98C3B8F1C65354100389099 /* Base */ = {isa = PBXFileReference; lastKnownFileType = file.storyboard; name = Base; path = Base.lproj/Main.storyboard; sourceTree = "<group>"; };
		F98C3B911C65354100389099 /* Assets.xcassets */ = {isa = PBXFileReference; lastKnownFileType = folder.assetcatalog; path = Assets.xcassets; sourceTree = "<group>"; };
		F98C3B941C65354100389099 /* Base */ = {isa = PBXFileReference; lastKnownFileType = file.storyboard; name = Base; path = Base.lproj/LaunchScreen.storyboard; sourceTree = "<group>"; };
		F98C3B961C65354100389099 /* Info.plist */ = {isa = PBXFileReference; lastKnownFileType = text.plist.xml; path = Info.plist; sourceTree = "<group>"; };
		F98C3B9B1C65354100389099 /* ExampleUITests.xctest */ = {isa = PBXFileReference; explicitFileType = wrapper.cfbundle; includeInIndex = 0; path = ExampleUITests.xctest; sourceTree = BUILT_PRODUCTS_DIR; };
		F98C3B9F1C65354100389099 /* ExampleUITests.swift */ = {isa = PBXFileReference; lastKnownFileType = sourcecode.swift; path = ExampleUITests.swift; sourceTree = "<group>"; };
		F98C3BA11C65354100389099 /* Info.plist */ = {isa = PBXFileReference; lastKnownFileType = text.plist.xml; path = Info.plist; sourceTree = "<group>"; };
/* End PBXFileReference section */

/* Begin PBXFrameworksBuildPhase section */
		D62638D11CB6B16100E3950D /* Frameworks */ = {
			isa = PBXFrameworksBuildPhase;
			buildActionMask = 2147483647;
			files = (
				D62638E21CB6B22700E3950D /* EarlGrey.framework in Frameworks */,
			);
			runOnlyForDeploymentPostprocessing = 0;
		};
		D656E6B71CC59EC1002FE7EA /* Frameworks */ = {
			isa = PBXFrameworksBuildPhase;
			buildActionMask = 2147483647;
			files = (
				2CA3B1F54964D5AA05D2BAE2 /* EarlGrey.framework in Frameworks */,
			);
			runOnlyForDeploymentPostprocessing = 0;
		};
		F98C3B841C65354100389099 /* Frameworks */ = {
			isa = PBXFrameworksBuildPhase;
			buildActionMask = 2147483647;
			files = (
			);
			runOnlyForDeploymentPostprocessing = 0;
		};
		F98C3B981C65354100389099 /* Frameworks */ = {
			isa = PBXFrameworksBuildPhase;
			buildActionMask = 2147483647;
			files = (
			);
			runOnlyForDeploymentPostprocessing = 0;
		};
/* End PBXFrameworksBuildPhase section */

/* Begin PBXGroup section */
		576CA8B58360652E4391929F /* Frameworks */ = {
			isa = PBXGroup;
			children = (
				D62638E11CB6B22700E3950D /* EarlGrey.framework */,
			);
			name = Frameworks;
			sourceTree = "<group>";
		};
		D62638D51CB6B16100E3950D /* ExampleEarlGrey */ = {
			isa = PBXGroup;
			children = (
				D62638D61CB6B16100E3950D /* ExampleEarlGrey.swift */,
				D62638D81CB6B16100E3950D /* Info.plist */,
				D62638DE1CB6B19000E3950D /* EarlGrey.swift */,
				D62638E01CB6B1A500E3950D /* bridge.h */,
			);
			path = ExampleEarlGrey;
			sourceTree = "<group>";
		};
		D656E6BB1CC59EC1002FE7EA /* AutoEarlGrey */ = {
			isa = PBXGroup;
			children = (
				D656E6BC1CC59EC1002FE7EA /* AutoEarlGrey.swift */,
				D656E6BE1CC59EC1002FE7EA /* Info.plist */,
				BDC51402AFF40886FE29EB84 /* BridgingHeader.h */,
				179025917DAB4369435A7D9F /* EarlGrey.swift */,
			);
			path = AutoEarlGrey;
			sourceTree = "<group>";
		};
		F98C3B7E1C65354100389099 = {
			isa = PBXGroup;
			children = (
				D62638E71CB6C0A000E3950D /* EarlGrey.framework */,
				F98C3B891C65354100389099 /* Example */,
				F98C3B9E1C65354100389099 /* ExampleUITests */,
				D62638D51CB6B16100E3950D /* ExampleEarlGrey */,
				D656E6BB1CC59EC1002FE7EA /* AutoEarlGrey */,
				F98C3B881C65354100389099 /* Products */,
				576CA8B58360652E4391929F /* Frameworks */,
			);
			sourceTree = "<group>";
		};
		F98C3B881C65354100389099 /* Products */ = {
			isa = PBXGroup;
			children = (
				F98C3B871C65354100389099 /* Example.app */,
				F98C3B9B1C65354100389099 /* ExampleUITests.xctest */,
				399BD0F4F8B7F4C0221A733D /* EarlGrey.framework */,
				D62638D41CB6B16100E3950D /* ExampleEarlGrey.xctest */,
				D656E6BA1CC59EC1002FE7EA /* AutoEarlGrey.xctest */,
				19B31B31174226AA714FA76B /* EarlGrey.framework */,
			);
			name = Products;
			sourceTree = "<group>";
		};
		F98C3B891C65354100389099 /* Example */ = {
			isa = PBXGroup;
			children = (
				F98C3B8A1C65354100389099 /* AppDelegate.swift */,
				F98C3B8C1C65354100389099 /* ViewController.swift */,
				F98C3B8E1C65354100389099 /* Main.storyboard */,
				F98C3B911C65354100389099 /* Assets.xcassets */,
				F98C3B931C65354100389099 /* LaunchScreen.storyboard */,
				F98C3B961C65354100389099 /* Info.plist */,
			);
			path = Example;
			sourceTree = "<group>";
		};
		F98C3B9E1C65354100389099 /* ExampleUITests */ = {
			isa = PBXGroup;
			children = (
				F98C3B9F1C65354100389099 /* ExampleUITests.swift */,
				F98C3BA11C65354100389099 /* Info.plist */,
			);
			path = ExampleUITests;
			sourceTree = "<group>";
		};
/* End PBXGroup section */

/* Begin PBXNativeTarget section */
		D62638D31CB6B16100E3950D /* ExampleEarlGrey */ = {
			isa = PBXNativeTarget;
			buildConfigurationList = D62638DB1CB6B16100E3950D /* Build configuration list for PBXNativeTarget "ExampleEarlGrey" */;
			buildPhases = (
				D62638E51CB6B53600E3950D /* ShellScript */,
				D62638E61CB6C06500E3950D /* CopyFiles */,
				D62638D01CB6B16100E3950D /* Sources */,
				D62638D11CB6B16100E3950D /* Frameworks */,
			);
			buildRules = (
			);
			dependencies = (
				D62638DA1CB6B16100E3950D /* PBXTargetDependency */,
			);
			name = ExampleEarlGrey;
			productName = ExampleEarlGrey;
			productReference = D62638D41CB6B16100E3950D /* ExampleEarlGrey.xctest */;
			productType = "com.apple.product-type.bundle.unit-test";
		};
		D656E6B91CC59EC1002FE7EA /* AutoEarlGrey */ = {
			isa = PBXNativeTarget;
			buildConfigurationList = D656E6C31CC59EC1002FE7EA /* Build configuration list for PBXNativeTarget "AutoEarlGrey" */;
			buildPhases = (
				D656E6B61CC59EC1002FE7EA /* Sources */,
				D656E6B71CC59EC1002FE7EA /* Frameworks */,
				D656E6B81CC59EC1002FE7EA /* Resources */,
				B4C39DE4019ACB20CE9DF780 /* Carthage copy-frameworks Run Script */,
			);
			buildRules = (
			);
			dependencies = (
				D656E6C01CC59EC1002FE7EA /* PBXTargetDependency */,
			);
			name = AutoEarlGrey;
			productName = AutoEarlGrey;
			productReference = D656E6BA1CC59EC1002FE7EA /* AutoEarlGrey.xctest */;
			productType = "com.apple.product-type.bundle.unit-test";
		};
		F98C3B861C65354100389099 /* Example */ = {
			isa = PBXNativeTarget;
			buildConfigurationList = F98C3BA41C65354100389099 /* Build configuration list for PBXNativeTarget "Example" */;
			buildPhases = (
				F98C3B831C65354100389099 /* Sources */,
				F98C3B841C65354100389099 /* Frameworks */,
				F98C3B851C65354100389099 /* Resources */,
			);
			buildRules = (
			);
			dependencies = (
			);
			name = Example;
			productName = Example;
			productReference = F98C3B871C65354100389099 /* Example.app */;
			productType = "com.apple.product-type.application";
		};
		F98C3B9A1C65354100389099 /* ExampleUITests */ = {
			isa = PBXNativeTarget;
			buildConfigurationList = F98C3BA71C65354100389099 /* Build configuration list for PBXNativeTarget "ExampleUITests" */;
			buildPhases = (
				F98C3B971C65354100389099 /* Sources */,
				F98C3B981C65354100389099 /* Frameworks */,
				F98C3B991C65354100389099 /* Resources */,
			);
			buildRules = (
			);
			dependencies = (
				F98C3B9D1C65354100389099 /* PBXTargetDependency */,
			);
			name = ExampleUITests;
			productName = ExampleUITests;
			productReference = F98C3B9B1C65354100389099 /* ExampleUITests.xctest */;
			productType = "com.apple.product-type.bundle.ui-testing";
		};
/* End PBXNativeTarget section */

/* Begin PBXProject section */
		F98C3B7F1C65354100389099 /* Project object */ = {
			isa = PBXProject;
			attributes = {
				LastSwiftUpdateCheck = 0730;
				LastUpgradeCheck = 0730;
				ORGANIZATIONNAME = example;
				TargetAttributes = {
					D62638D31CB6B16100E3950D = {
						CreatedOnToolsVersion = 7.3;
						TestTargetID = F98C3B861C65354100389099;
					};
					D656E6B91CC59EC1002FE7EA = {
						CreatedOnToolsVersion = 7.3;
						TestTargetID = F98C3B861C65354100389099;
					};
					F98C3B861C65354100389099 = {
						CreatedOnToolsVersion = 7.3;
					};
					F98C3B9A1C65354100389099 = {
						CreatedOnToolsVersion = 7.3;
						TestTargetID = F98C3B861C65354100389099;
					};
				};
			};
			buildConfigurationList = F98C3B821C65354100389099 /* Build configuration list for PBXProject "Example" */;
			compatibilityVersion = "Xcode 3.2";
			developmentRegion = English;
			hasScannedForEncodings = 0;
			knownRegions = (
				en,
				Base,
			);
			mainGroup = F98C3B7E1C65354100389099;
			productRefGroup = F98C3B881C65354100389099 /* Products */;
			projectDirPath = "";
			projectRoot = "";
			targets = (
				F98C3B861C65354100389099 /* Example */,
				F98C3B9A1C65354100389099 /* ExampleUITests */,
				D62638D31CB6B16100E3950D /* ExampleEarlGrey */,
				D656E6B91CC59EC1002FE7EA /* AutoEarlGrey */,
			);
		};
/* End PBXProject section */

/* Begin PBXResourcesBuildPhase section */
		D656E6B81CC59EC1002FE7EA /* Resources */ = {
			isa = PBXResourcesBuildPhase;
			buildActionMask = 2147483647;
			files = (
			);
			runOnlyForDeploymentPostprocessing = 0;
		};
		F98C3B851C65354100389099 /* Resources */ = {
			isa = PBXResourcesBuildPhase;
			buildActionMask = 2147483647;
			files = (
				F98C3B951C65354100389099 /* LaunchScreen.storyboard in Resources */,
				F98C3B921C65354100389099 /* Assets.xcassets in Resources */,
				F98C3B901C65354100389099 /* Main.storyboard in Resources */,
			);
			runOnlyForDeploymentPostprocessing = 0;
		};
		F98C3B991C65354100389099 /* Resources */ = {
			isa = PBXResourcesBuildPhase;
			buildActionMask = 2147483647;
			files = (
			);
			runOnlyForDeploymentPostprocessing = 0;
		};
/* End PBXResourcesBuildPhase section */

/* Begin PBXShellScriptBuildPhase section */
		B4C39DE4019ACB20CE9DF780 /* Carthage copy-frameworks Run Script */ = {
			isa = PBXShellScriptBuildPhase;
			buildActionMask = 2147483647;
			files = (
			);
			inputPaths = (
				"$(SRCROOT)/Carthage/Build/iOS/EarlGrey.framework",
			);
			name = "Carthage copy-frameworks Run Script";
			outputPaths = (
			);
			runOnlyForDeploymentPostprocessing = 0;
			shellPath = /bin/bash;
			shellScript = "/usr/local/bin/carthage copy-frameworks";
		};
		D62638E51CB6B53600E3950D /* ShellScript */ = {
			isa = PBXShellScriptBuildPhase;
			buildActionMask = 2147483647;
			files = (
			);
			inputPaths = (
				"$(SRCROOT)/Carthage/Build/iOS/EarlGrey.framework",
			);
			outputPaths = (
			);
			runOnlyForDeploymentPostprocessing = 0;
			shellPath = /bin/bash;
			shellScript = "/usr/local/bin/carthage copy-frameworks";
		};
/* End PBXShellScriptBuildPhase section */

/* Begin PBXSourcesBuildPhase section */
		D62638D01CB6B16100E3950D /* Sources */ = {
			isa = PBXSourcesBuildPhase;
			buildActionMask = 2147483647;
			files = (
				D62638DF1CB6B19000E3950D /* EarlGrey.swift in Sources */,
				D62638D71CB6B16100E3950D /* ExampleEarlGrey.swift in Sources */,
			);
			runOnlyForDeploymentPostprocessing = 0;
		};
		D656E6B61CC59EC1002FE7EA /* Sources */ = {
			isa = PBXSourcesBuildPhase;
			buildActionMask = 2147483647;
			files = (
				D656E6BD1CC59EC1002FE7EA /* AutoEarlGrey.swift in Sources */,
				E49E2796E36459DEB07293F4 /* EarlGrey.swift in Sources */,
			);
			runOnlyForDeploymentPostprocessing = 0;
		};
		F98C3B831C65354100389099 /* Sources */ = {
			isa = PBXSourcesBuildPhase;
			buildActionMask = 2147483647;
			files = (
				F98C3B8D1C65354100389099 /* ViewController.swift in Sources */,
				F98C3B8B1C65354100389099 /* AppDelegate.swift in Sources */,
			);
			runOnlyForDeploymentPostprocessing = 0;
		};
		F98C3B971C65354100389099 /* Sources */ = {
			isa = PBXSourcesBuildPhase;
			buildActionMask = 2147483647;
			files = (
				F98C3BA01C65354100389099 /* ExampleUITests.swift in Sources */,
			);
			runOnlyForDeploymentPostprocessing = 0;
		};
/* End PBXSourcesBuildPhase section */

/* Begin PBXTargetDependency section */
		D62638DA1CB6B16100E3950D /* PBXTargetDependency */ = {
			isa = PBXTargetDependency;
			target = F98C3B861C65354100389099 /* Example */;
			targetProxy = D62638D91CB6B16100E3950D /* PBXContainerItemProxy */;
		};
		D656E6C01CC59EC1002FE7EA /* PBXTargetDependency */ = {
			isa = PBXTargetDependency;
			target = F98C3B861C65354100389099 /* Example */;
			targetProxy = D656E6BF1CC59EC1002FE7EA /* PBXContainerItemProxy */;
		};
		F98C3B9D1C65354100389099 /* PBXTargetDependency */ = {
			isa = PBXTargetDependency;
			target = F98C3B861C65354100389099 /* Example */;
			targetProxy = F98C3B9C1C65354100389099 /* PBXContainerItemProxy */;
		};
/* End PBXTargetDependency section */

/* Begin PBXVariantGroup section */
		F98C3B8E1C65354100389099 /* Main.storyboard */ = {
			isa = PBXVariantGroup;
			children = (
				F98C3B8F1C65354100389099 /* Base */,
			);
			name = Main.storyboard;
			sourceTree = "<group>";
		};
		F98C3B931C65354100389099 /* LaunchScreen.storyboard */ = {
			isa = PBXVariantGroup;
			children = (
				F98C3B941C65354100389099 /* Base */,
			);
			name = LaunchScreen.storyboard;
			sourceTree = "<group>";
		};
/* End PBXVariantGroup section */

/* Begin XCBuildConfiguration section */
		D62638DC1CB6B16100E3950D /* Debug */ = {
			isa = XCBuildConfiguration;
			buildSettings = {
				BUNDLE_LOADER = "$(TEST_HOST)";
				CLANG_ANALYZER_NONNULL = YES;
				FRAMEWORK_SEARCH_PATHS = (
					"$(inherited)",
					"$(PROJECT_DIR)",
					"$(SRCROOT)/Carthage/Build/iOS",
				);
				"FRAMEWORK_SEARCH_PATHS[arch=*]" = (
					"$(inherited)",
					"$(PROJECT_DIR)",
					"$(SRCROOT)/Carthage/Build/iOS",
				);
				HEADER_SEARCH_PATHS = "$(SRCROOT)/Carthage/Build/iOS/**";
				INFOPLIST_FILE = ExampleEarlGrey/Info.plist;
				IPHONEOS_DEPLOYMENT_TARGET = 9.3;
				LD_RUNPATH_SEARCH_PATHS = "$(inherited) @executable_path/Frameworks @loader_path/Frameworks";
				PRODUCT_BUNDLE_IDENTIFIER = com.bootstraponline.ExampleEarlGrey;
				PRODUCT_NAME = "$(TARGET_NAME)";
				SWIFT_OBJC_BRIDGING_HEADER = "$(TARGET_NAME)/bridge.h";
				TEST_HOST = "$(BUILT_PRODUCTS_DIR)/Example.app/Example";
				USE_HEADERMAP = YES;
			};
			name = Debug;
		};
		D62638DD1CB6B16100E3950D /* Release */ = {
			isa = XCBuildConfiguration;
			buildSettings = {
				BUNDLE_LOADER = "$(TEST_HOST)";
				CLANG_ANALYZER_NONNULL = YES;
				FRAMEWORK_SEARCH_PATHS = (
					"$(inherited)",
					"$(SRCROOT)/Carthage/Build/iOS",
				);
				"FRAMEWORK_SEARCH_PATHS[arch=*]" = "$(SRCROOT)/Carthage/Build/iOS";
				HEADER_SEARCH_PATHS = "$(SRCROOT)/Carthage/Build/iOS/**";
				INFOPLIST_FILE = ExampleEarlGrey/Info.plist;
				IPHONEOS_DEPLOYMENT_TARGET = 9.3;
				LD_RUNPATH_SEARCH_PATHS = "$(inherited) @executable_path/Frameworks @loader_path/Frameworks";
				PRODUCT_BUNDLE_IDENTIFIER = com.bootstraponline.ExampleEarlGrey;
				PRODUCT_NAME = "$(TARGET_NAME)";
				SWIFT_OBJC_BRIDGING_HEADER = "$(TARGET_NAME)/bridge.h";
				TEST_HOST = "$(BUILT_PRODUCTS_DIR)/Example.app/Example";
				USE_HEADERMAP = YES;
			};
			name = Release;
		};
		D656E6C11CC59EC1002FE7EA /* Debug */ = {
			isa = XCBuildConfiguration;
			buildSettings = {
				BUNDLE_LOADER = "$(TEST_HOST)";
				CLANG_ANALYZER_NONNULL = YES;
				FRAMEWORK_SEARCH_PATHS = "$(SRCROOT)/Carthage/Build/iOS";
				HEADER_SEARCH_PATHS = "$(SRCROOT)/Carthage/Build/iOS/**";
				INFOPLIST_FILE = AutoEarlGrey/Info.plist;
				IPHONEOS_DEPLOYMENT_TARGET = 9.3;
				LD_RUNPATH_SEARCH_PATHS = "$(inherited) @executable_path/Frameworks @loader_path/Frameworks";
				PRODUCT_BUNDLE_IDENTIFIER = com.bootstraponline.AutoEarlGrey;
				PRODUCT_NAME = "$(TARGET_NAME)";
				SWIFT_OBJC_BRIDGING_HEADER = "$(TARGET_NAME)/BridgingHeader.h";
				TEST_HOST = "$(BUILT_PRODUCTS_DIR)/Example.app/Example";
			};
			name = Debug;
		};
		D656E6C21CC59EC1002FE7EA /* Release */ = {
			isa = XCBuildConfiguration;
			buildSettings = {
				BUNDLE_LOADER = "$(TEST_HOST)";
				CLANG_ANALYZER_NONNULL = YES;
				FRAMEWORK_SEARCH_PATHS = "$(SRCROOT)/Carthage/Build/iOS";
				HEADER_SEARCH_PATHS = "$(SRCROOT)/Carthage/Build/iOS/**";
				INFOPLIST_FILE = AutoEarlGrey/Info.plist;
				IPHONEOS_DEPLOYMENT_TARGET = 9.3;
				LD_RUNPATH_SEARCH_PATHS = "$(inherited) @executable_path/Frameworks @loader_path/Frameworks";
				PRODUCT_BUNDLE_IDENTIFIER = com.bootstraponline.AutoEarlGrey;
				PRODUCT_NAME = "$(TARGET_NAME)";
				SWIFT_OBJC_BRIDGING_HEADER = "$(TARGET_NAME)/BridgingHeader.h";
				TEST_HOST = "$(BUILT_PRODUCTS_DIR)/Example.app/Example";
			};
			name = Release;
		};
		F98C3BA21C65354100389099 /* Debug */ = {
			isa = XCBuildConfiguration;
			buildSettings = {
				ALWAYS_SEARCH_USER_PATHS = NO;
				CLANG_CXX_LANGUAGE_STANDARD = "gnu++0x";
				CLANG_CXX_LIBRARY = "libc++";
				CLANG_ENABLE_MODULES = YES;
				CLANG_ENABLE_OBJC_ARC = YES;
				CLANG_WARN_BOOL_CONVERSION = YES;
				CLANG_WARN_CONSTANT_CONVERSION = YES;
				CLANG_WARN_DIRECT_OBJC_ISA_USAGE = YES_ERROR;
				CLANG_WARN_EMPTY_BODY = YES;
				CLANG_WARN_ENUM_CONVERSION = YES;
				CLANG_WARN_INT_CONVERSION = YES;
				CLANG_WARN_OBJC_ROOT_CLASS = YES_ERROR;
				CLANG_WARN_UNREACHABLE_CODE = YES;
				CLANG_WARN__DUPLICATE_METHOD_MATCH = YES;
				"CODE_SIGN_IDENTITY[sdk=iphoneos*]" = "iPhone Developer";
				COPY_PHASE_STRIP = NO;
				DEBUG_INFORMATION_FORMAT = dwarf;
				ENABLE_STRICT_OBJC_MSGSEND = YES;
				ENABLE_TESTABILITY = YES;
				GCC_C_LANGUAGE_STANDARD = gnu99;
				GCC_DYNAMIC_NO_PIC = NO;
				GCC_NO_COMMON_BLOCKS = YES;
				GCC_OPTIMIZATION_LEVEL = 0;
				GCC_PREPROCESSOR_DEFINITIONS = (
					"DEBUG=1",
					"$(inherited)",
				);
				GCC_WARN_64_TO_32_BIT_CONVERSION = YES;
				GCC_WARN_ABOUT_RETURN_TYPE = YES_ERROR;
				GCC_WARN_UNDECLARED_SELECTOR = YES;
				GCC_WARN_UNINITIALIZED_AUTOS = YES_AGGRESSIVE;
				GCC_WARN_UNUSED_FUNCTION = YES;
				GCC_WARN_UNUSED_VARIABLE = YES;
				IPHONEOS_DEPLOYMENT_TARGET = 9.2;
				MTL_ENABLE_DEBUG_INFO = YES;
				ONLY_ACTIVE_ARCH = YES;
				SDKROOT = iphoneos;
				SWIFT_OPTIMIZATION_LEVEL = "-Onone";
				TARGETED_DEVICE_FAMILY = "1,2";
			};
			name = Debug;
		};
		F98C3BA31C65354100389099 /* Release */ = {
			isa = XCBuildConfiguration;
			buildSettings = {
				ALWAYS_SEARCH_USER_PATHS = NO;
				CLANG_CXX_LANGUAGE_STANDARD = "gnu++0x";
				CLANG_CXX_LIBRARY = "libc++";
				CLANG_ENABLE_MODULES = YES;
				CLANG_ENABLE_OBJC_ARC = YES;
				CLANG_WARN_BOOL_CONVERSION = YES;
				CLANG_WARN_CONSTANT_CONVERSION = YES;
				CLANG_WARN_DIRECT_OBJC_ISA_USAGE = YES_ERROR;
				CLANG_WARN_EMPTY_BODY = YES;
				CLANG_WARN_ENUM_CONVERSION = YES;
				CLANG_WARN_INT_CONVERSION = YES;
				CLANG_WARN_OBJC_ROOT_CLASS = YES_ERROR;
				CLANG_WARN_UNREACHABLE_CODE = YES;
				CLANG_WARN__DUPLICATE_METHOD_MATCH = YES;
				"CODE_SIGN_IDENTITY[sdk=iphoneos*]" = "iPhone Developer";
				COPY_PHASE_STRIP = NO;
				DEBUG_INFORMATION_FORMAT = "dwarf-with-dsym";
				ENABLE_NS_ASSERTIONS = NO;
				ENABLE_STRICT_OBJC_MSGSEND = YES;
				GCC_C_LANGUAGE_STANDARD = gnu99;
				GCC_NO_COMMON_BLOCKS = YES;
				GCC_WARN_64_TO_32_BIT_CONVERSION = YES;
				GCC_WARN_ABOUT_RETURN_TYPE = YES_ERROR;
				GCC_WARN_UNDECLARED_SELECTOR = YES;
				GCC_WARN_UNINITIALIZED_AUTOS = YES_AGGRESSIVE;
				GCC_WARN_UNUSED_FUNCTION = YES;
				GCC_WARN_UNUSED_VARIABLE = YES;
				IPHONEOS_DEPLOYMENT_TARGET = 9.2;
				MTL_ENABLE_DEBUG_INFO = NO;
				SDKROOT = iphoneos;
				TARGETED_DEVICE_FAMILY = "1,2";
				VALIDATE_PRODUCT = YES;
			};
			name = Release;
		};
		F98C3BA51C65354100389099 /* Debug */ = {
			isa = XCBuildConfiguration;
			buildSettings = {
				ASSETCATALOG_COMPILER_APPICON_NAME = AppIcon;
				INFOPLIST_FILE = Example/Info.plist;
				LD_RUNPATH_SEARCH_PATHS = "$(inherited) @executable_path/Frameworks";
				PRODUCT_BUNDLE_IDENTIFIER = com.example.Example;
				PRODUCT_NAME = "$(TARGET_NAME)";
			};
			name = Debug;
		};
		F98C3BA61C65354100389099 /* Release */ = {
			isa = XCBuildConfiguration;
			buildSettings = {
				ASSETCATALOG_COMPILER_APPICON_NAME = AppIcon;
				INFOPLIST_FILE = Example/Info.plist;
				LD_RUNPATH_SEARCH_PATHS = "$(inherited) @executable_path/Frameworks";
				PRODUCT_BUNDLE_IDENTIFIER = com.example.Example;
				PRODUCT_NAME = "$(TARGET_NAME)";
			};
			name = Release;
		};
		F98C3BA81C65354100389099 /* Debug */ = {
			isa = XCBuildConfiguration;
			buildSettings = {
				INFOPLIST_FILE = ExampleUITests/Info.plist;
				LD_RUNPATH_SEARCH_PATHS = "$(inherited) @executable_path/Frameworks @loader_path/Frameworks";
				PRODUCT_BUNDLE_IDENTIFIER = com.example.ExampleUITests;
				PRODUCT_NAME = "$(TARGET_NAME)";
				TEST_TARGET_NAME = Example;
			};
			name = Debug;
		};
		F98C3BA91C65354100389099 /* Release */ = {
			isa = XCBuildConfiguration;
			buildSettings = {
				INFOPLIST_FILE = ExampleUITests/Info.plist;
				LD_RUNPATH_SEARCH_PATHS = "$(inherited) @executable_path/Frameworks @loader_path/Frameworks";
				PRODUCT_BUNDLE_IDENTIFIER = com.example.ExampleUITests;
				PRODUCT_NAME = "$(TARGET_NAME)";
				TEST_TARGET_NAME = Example;
			};
			name = Release;
		};
/* End XCBuildConfiguration section */

/* Begin XCConfigurationList section */
		D62638DB1CB6B16100E3950D /* Build configuration list for PBXNativeTarget "ExampleEarlGrey" */ = {
			isa = XCConfigurationList;
			buildConfigurations = (
				D62638DC1CB6B16100E3950D /* Debug */,
				D62638DD1CB6B16100E3950D /* Release */,
			);
			defaultConfigurationIsVisible = 0;
			defaultConfigurationName = Release;
		};
		D656E6C31CC59EC1002FE7EA /* Build configuration list for PBXNativeTarget "AutoEarlGrey" */ = {
			isa = XCConfigurationList;
			buildConfigurations = (
				D656E6C11CC59EC1002FE7EA /* Debug */,
				D656E6C21CC59EC1002FE7EA /* Release */,
			);
			defaultConfigurationIsVisible = 0;
			defaultConfigurationName = Release;
		};
		F98C3B821C65354100389099 /* Build configuration list for PBXProject "Example" */ = {
			isa = XCConfigurationList;
			buildConfigurations = (
				F98C3BA21C65354100389099 /* Debug */,
				F98C3BA31C65354100389099 /* Release */,
			);
			defaultConfigurationIsVisible = 0;
			defaultConfigurationName = Release;
		};
		F98C3BA41C65354100389099 /* Build configuration list for PBXNativeTarget "Example" */ = {
			isa = XCConfigurationList;
			buildConfigurations = (
				F98C3BA51C65354100389099 /* Debug */,
				F98C3BA61C65354100389099 /* Release */,
			);
			defaultConfigurationIsVisible = 0;
			defaultConfigurationName = Release;
		};
		F98C3BA71C65354100389099 /* Build configuration list for PBXNativeTarget "ExampleUITests" */ = {
			isa = XCConfigurationList;
			buildConfigurations = (
				F98C3BA81C65354100389099 /* Debug */,
				F98C3BA91C65354100389099 /* Release */,
			);
			defaultConfigurationIsVisible = 0;
			defaultConfigurationName = Release;
		};
/* End XCConfigurationList section */
	};
	rootObject = F98C3B7F1C65354100389099 /* Project object */;
}
